// !$*UTF8*$!
{
	archiveVersion = 1;
	classes = {
	};
	objectVersion = 50;
	objects = {

/* Begin PBXBuildFile section */
		6F03155225F27DCB0097614E /* AtomInfo.swift in Sources */ = {isa = PBXBuildFile; fileRef = 6F03155125F27DCB0097614E /* AtomInfo.swift */; };
		6F03155525F28EDC0097614E /* PeriodicTableJSON.json in Resources */ = {isa = PBXBuildFile; fileRef = 6F03155425F28EDC0097614E /* PeriodicTableJSON.json */; };
		6F687F5725F4FBB00046DD20 /* art.scnassets in Resources */ = {isa = PBXBuildFile; fileRef = 6F687F5625F4FBB00046DD20 /* art.scnassets */; };
		6F69954925D6BA8A0021838F /* swifty_proteinApp.swift in Sources */ = {isa = PBXBuildFile; fileRef = 6F69954825D6BA8A0021838F /* swifty_proteinApp.swift */; };
		6F69954B25D6BA8A0021838F /* ContentView.swift in Sources */ = {isa = PBXBuildFile; fileRef = 6F69954A25D6BA8A0021838F /* ContentView.swift */; };
		6F69954D25D6BA8C0021838F /* Assets.xcassets in Resources */ = {isa = PBXBuildFile; fileRef = 6F69954C25D6BA8C0021838F /* Assets.xcassets */; };
		6F69955025D6BA8C0021838F /* Preview Assets.xcassets in Resources */ = {isa = PBXBuildFile; fileRef = 6F69954F25D6BA8C0021838F /* Preview Assets.xcassets */; };
		6FA41B9825EE55A4009178D5 /* TemplateTableView.swift in Sources */ = {isa = PBXBuildFile; fileRef = 6FA41B9525EE558A009178D5 /* TemplateTableView.swift */; };
		6FA41BA425EEC67C009178D5 /* ProteinView.swift in Sources */ = {isa = PBXBuildFile; fileRef = 6FA41BA325EEC67C009178D5 /* ProteinView.swift */; };
		6FAF64EA25ECF272002A37C9 /* ProteinListView.swift in Sources */ = {isa = PBXBuildFile; fileRef = 6FAF64E925ECF272002A37C9 /* ProteinListView.swift */; };
		6FBB98D625EC09AA00492C78 /* LoginView.swift in Sources */ = {isa = PBXBuildFile; fileRef = 6FBB98D525EC09AA00492C78 /* LoginView.swift */; };
		6FC07A2925EF89F700CFE257 /* ProteinScene.swift in Sources */ = {isa = PBXBuildFile; fileRef = 6FC07A2825EF89F700CFE257 /* ProteinScene.swift */; };
		6FC07A3025F031C300CFE257 /* AtomConnections.swift in Sources */ = {isa = PBXBuildFile; fileRef = 6FC07A2F25F031C300CFE257 /* AtomConnections.swift */; };
		6FC07A3325F1821D00CFE257 /* ProteinVC.swift in Sources */ = {isa = PBXBuildFile; fileRef = 6FC07A3225F1821D00CFE257 /* ProteinVC.swift */; };
		6FCB9FDD25ED35DE00F18842 /* ligands.txt in Resources */ = {isa = PBXBuildFile; fileRef = 6FCB9FDC25ED35DE00F18842 /* ligands.txt */; };
		6FCD52A725ED98D00009532B /* Data.swift in Sources */ = {isa = PBXBuildFile; fileRef = 6FCD52A625ED98D00009532B /* Data.swift */; };
/* End PBXBuildFile section */

/* Begin PBXFileReference section */
		6F03155125F27DCB0097614E /* AtomInfo.swift */ = {isa = PBXFileReference; lastKnownFileType = sourcecode.swift; path = AtomInfo.swift; sourceTree = "<group>"; };
		6F03155425F28EDC0097614E /* PeriodicTableJSON.json */ = {isa = PBXFileReference; fileEncoding = 4; lastKnownFileType = text.json; path = PeriodicTableJSON.json; sourceTree = "<group>"; };
		6F687F5625F4FBB00046DD20 /* art.scnassets */ = {isa = PBXFileReference; lastKnownFileType = wrapper.scnassets; path = art.scnassets; sourceTree = "<group>"; };
		6F69954525D6BA8A0021838F /* swifty-protein.app */ = {isa = PBXFileReference; explicitFileType = wrapper.application; includeInIndex = 0; path = "swifty-protein.app"; sourceTree = BUILT_PRODUCTS_DIR; };
		6F69954825D6BA8A0021838F /* swifty_proteinApp.swift */ = {isa = PBXFileReference; lastKnownFileType = sourcecode.swift; path = swifty_proteinApp.swift; sourceTree = "<group>"; };
		6F69954A25D6BA8A0021838F /* ContentView.swift */ = {isa = PBXFileReference; lastKnownFileType = sourcecode.swift; path = ContentView.swift; sourceTree = "<group>"; };
		6F69954C25D6BA8C0021838F /* Assets.xcassets */ = {isa = PBXFileReference; lastKnownFileType = folder.assetcatalog; path = Assets.xcassets; sourceTree = "<group>"; };
		6F69954F25D6BA8C0021838F /* Preview Assets.xcassets */ = {isa = PBXFileReference; lastKnownFileType = folder.assetcatalog; path = "Preview Assets.xcassets"; sourceTree = "<group>"; };
		6F69955125D6BA8C0021838F /* Info.plist */ = {isa = PBXFileReference; lastKnownFileType = text.plist.xml; path = Info.plist; sourceTree = "<group>"; };
		6FA41B9525EE558A009178D5 /* TemplateTableView.swift */ = {isa = PBXFileReference; lastKnownFileType = sourcecode.swift; path = TemplateTableView.swift; sourceTree = "<group>"; };
		6FA41BA325EEC67C009178D5 /* ProteinView.swift */ = {isa = PBXFileReference; lastKnownFileType = sourcecode.swift; path = ProteinView.swift; sourceTree = "<group>"; };
		6FAF64E925ECF272002A37C9 /* ProteinListView.swift */ = {isa = PBXFileReference; lastKnownFileType = sourcecode.swift; path = ProteinListView.swift; sourceTree = "<group>"; };
		6FBB98D525EC09AA00492C78 /* LoginView.swift */ = {isa = PBXFileReference; lastKnownFileType = sourcecode.swift; path = LoginView.swift; sourceTree = "<group>"; };
		6FC07A2825EF89F700CFE257 /* ProteinScene.swift */ = {isa = PBXFileReference; lastKnownFileType = sourcecode.swift; path = ProteinScene.swift; sourceTree = "<group>"; };
		6FC07A2F25F031C300CFE257 /* AtomConnections.swift */ = {isa = PBXFileReference; lastKnownFileType = sourcecode.swift; path = AtomConnections.swift; sourceTree = "<group>"; };
		6FC07A3225F1821D00CFE257 /* ProteinVC.swift */ = {isa = PBXFileReference; lastKnownFileType = sourcecode.swift; path = ProteinVC.swift; sourceTree = "<group>"; };
		6FCB9FDC25ED35DE00F18842 /* ligands.txt */ = {isa = PBXFileReference; fileEncoding = 4; lastKnownFileType = text; path = ligands.txt; sourceTree = "<group>"; };
		6FCD52A625ED98D00009532B /* Data.swift */ = {isa = PBXFileReference; lastKnownFileType = sourcecode.swift; path = Data.swift; sourceTree = "<group>"; };
/* End PBXFileReference section */

/* Begin PBXFrameworksBuildPhase section */
		6F69954225D6BA8A0021838F /* Frameworks */ = {
			isa = PBXFrameworksBuildPhase;
			buildActionMask = 2147483647;
			files = (
			);
			runOnlyForDeploymentPostprocessing = 0;
		};
/* End PBXFrameworksBuildPhase section */

/* Begin PBXGroup section */
		6F69953C25D6BA8A0021838F = {
			isa = PBXGroup;
			children = (
				6F69954725D6BA8A0021838F /* swifty-protein */,
				6F69954625D6BA8A0021838F /* Products */,
			);
			sourceTree = "<group>";
		};
		6F69954625D6BA8A0021838F /* Products */ = {
			isa = PBXGroup;
			children = (
				6F69954525D6BA8A0021838F /* swifty-protein.app */,
			);
			name = Products;
			sourceTree = "<group>";
		};
		6F69954725D6BA8A0021838F /* swifty-protein */ = {
			isa = PBXGroup;
			children = (
				6F03155425F28EDC0097614E /* PeriodicTableJSON.json */,
				6FA41B9425EE557B009178D5 /* ViewModel */,
				6FBB98D425EC094400492C78 /* Controllers */,
				6FBB98D325EC090700492C78 /* Models */,
				6FBB98D225EC090000492C78 /* Views */,
				6F69954825D6BA8A0021838F /* swifty_proteinApp.swift */,
				6F69954A25D6BA8A0021838F /* ContentView.swift */,
				6F69954C25D6BA8C0021838F /* Assets.xcassets */,
				6FCB9FDC25ED35DE00F18842 /* ligands.txt */,
				6F69955125D6BA8C0021838F /* Info.plist */,
				6F69954E25D6BA8C0021838F /* Preview Content */,
				6F687F5625F4FBB00046DD20 /* art.scnassets */,
			);
			path = "swifty-protein";
			sourceTree = "<group>";
		};
		6F69954E25D6BA8C0021838F /* Preview Content */ = {
			isa = PBXGroup;
			children = (
				6F69954F25D6BA8C0021838F /* Preview Assets.xcassets */,
			);
			path = "Preview Content";
			sourceTree = "<group>";
		};
		6FA41B9425EE557B009178D5 /* ViewModel */ = {
			isa = PBXGroup;
			children = (
				6FA41B9525EE558A009178D5 /* TemplateTableView.swift */,
				6FC07A3225F1821D00CFE257 /* ProteinVC.swift */,
			);
			path = ViewModel;
			sourceTree = "<group>";
		};
		6FBB98D225EC090000492C78 /* Views */ = {
			isa = PBXGroup;
			children = (
				6FBB98D525EC09AA00492C78 /* LoginView.swift */,
				6FAF64E925ECF272002A37C9 /* ProteinListView.swift */,
				6FA41BA325EEC67C009178D5 /* ProteinView.swift */,
			);
			path = Views;
			sourceTree = "<group>";
		};
		6FBB98D325EC090700492C78 /* Models */ = {
			isa = PBXGroup;
			children = (
				6FCD52A625ED98D00009532B /* Data.swift */,
				6FC07A2825EF89F700CFE257 /* ProteinScene.swift */,
				6FC07A2F25F031C300CFE257 /* AtomConnections.swift */,
				6F03155125F27DCB0097614E /* AtomInfo.swift */,
			);
			path = Models;
			sourceTree = "<group>";
		};
		6FBB98D425EC094400492C78 /* Controllers */ = {
			isa = PBXGroup;
			children = (
			);
			path = Controllers;
			sourceTree = "<group>";
		};
/* End PBXGroup section */

/* Begin PBXNativeTarget section */
		6F69954425D6BA8A0021838F /* swifty-protein */ = {
			isa = PBXNativeTarget;
			buildConfigurationList = 6F69955425D6BA8C0021838F /* Build configuration list for PBXNativeTarget "swifty-protein" */;
			buildPhases = (
				6F69954125D6BA8A0021838F /* Sources */,
				6F69954225D6BA8A0021838F /* Frameworks */,
				6F69954325D6BA8A0021838F /* Resources */,
			);
			buildRules = (
			);
			dependencies = (
			);
			name = "swifty-protein";
			productName = "swifty-protein";
			productReference = 6F69954525D6BA8A0021838F /* swifty-protein.app */;
			productType = "com.apple.product-type.application";
		};
/* End PBXNativeTarget section */

/* Begin PBXProject section */
		6F69953D25D6BA8A0021838F /* Project object */ = {
			isa = PBXProject;
			attributes = {
				LastSwiftUpdateCheck = 1240;
				LastUpgradeCheck = 1240;
				TargetAttributes = {
					6F69954425D6BA8A0021838F = {
						CreatedOnToolsVersion = 12.4;
					};
				};
			};
			buildConfigurationList = 6F69954025D6BA8A0021838F /* Build configuration list for PBXProject "swifty-protein" */;
			compatibilityVersion = "Xcode 9.3";
			developmentRegion = en;
			hasScannedForEncodings = 0;
			knownRegions = (
				en,
				Base,
			);
			mainGroup = 6F69953C25D6BA8A0021838F;
			productRefGroup = 6F69954625D6BA8A0021838F /* Products */;
			projectDirPath = "";
			projectRoot = "";
			targets = (
				6F69954425D6BA8A0021838F /* swifty-protein */,
			);
		};
/* End PBXProject section */

/* Begin PBXResourcesBuildPhase section */
		6F69954325D6BA8A0021838F /* Resources */ = {
			isa = PBXResourcesBuildPhase;
			buildActionMask = 2147483647;
			files = (
				6F69955025D6BA8C0021838F /* Preview Assets.xcassets in Resources */,
				6FCB9FDD25ED35DE00F18842 /* ligands.txt in Resources */,
				6F687F5725F4FBB00046DD20 /* art.scnassets in Resources */,
				6F69954D25D6BA8C0021838F /* Assets.xcassets in Resources */,
				6F03155525F28EDC0097614E /* PeriodicTableJSON.json in Resources */,
			);
			runOnlyForDeploymentPostprocessing = 0;
		};
/* End PBXResourcesBuildPhase section */

/* Begin PBXSourcesBuildPhase section */
		6F69954125D6BA8A0021838F /* Sources */ = {
			isa = PBXSourcesBuildPhase;
			buildActionMask = 2147483647;
			files = (
				6FC07A3325F1821D00CFE257 /* ProteinVC.swift in Sources */,
				6FA41BA425EEC67C009178D5 /* ProteinView.swift in Sources */,
				6FA41B9825EE55A4009178D5 /* TemplateTableView.swift in Sources */,
				6FAF64EA25ECF272002A37C9 /* ProteinListView.swift in Sources */,
				6FCD52A725ED98D00009532B /* Data.swift in Sources */,
				6FC07A2925EF89F700CFE257 /* ProteinScene.swift in Sources */,
				6FBB98D625EC09AA00492C78 /* LoginView.swift in Sources */,
				6FC07A3025F031C300CFE257 /* AtomConnections.swift in Sources */,
				6F69954B25D6BA8A0021838F /* ContentView.swift in Sources */,
				6F03155225F27DCB0097614E /* AtomInfo.swift in Sources */,
				6F69954925D6BA8A0021838F /* swifty_proteinApp.swift in Sources */,
			);
			runOnlyForDeploymentPostprocessing = 0;
		};
/* End PBXSourcesBuildPhase section */

/* Begin XCBuildConfiguration section */
		6F69955225D6BA8C0021838F /* Debug */ = {
			isa = XCBuildConfiguration;
			buildSettings = {
				ALWAYS_SEARCH_USER_PATHS = NO;
				CLANG_ANALYZER_NONNULL = YES;
				CLANG_ANALYZER_NUMBER_OBJECT_CONVERSION = YES_AGGRESSIVE;
				CLANG_CXX_LANGUAGE_STANDARD = "gnu++14";
				CLANG_CXX_LIBRARY = "libc++";
				CLANG_ENABLE_MODULES = YES;
				CLANG_ENABLE_OBJC_ARC = YES;
				CLANG_ENABLE_OBJC_WEAK = YES;
				CLANG_WARN_BLOCK_CAPTURE_AUTORELEASING = YES;
				CLANG_WARN_BOOL_CONVERSION = YES;
				CLANG_WARN_COMMA = YES;
				CLANG_WARN_CONSTANT_CONVERSION = YES;
				CLANG_WARN_DEPRECATED_OBJC_IMPLEMENTATIONS = YES;
				CLANG_WARN_DIRECT_OBJC_ISA_USAGE = YES_ERROR;
				CLANG_WARN_DOCUMENTATION_COMMENTS = YES;
				CLANG_WARN_EMPTY_BODY = YES;
				CLANG_WARN_ENUM_CONVERSION = YES;
				CLANG_WARN_INFINITE_RECURSION = YES;
				CLANG_WARN_INT_CONVERSION = YES;
				CLANG_WARN_NON_LITERAL_NULL_CONVERSION = YES;
				CLANG_WARN_OBJC_IMPLICIT_RETAIN_SELF = YES;
				CLANG_WARN_OBJC_LITERAL_CONVERSION = YES;
				CLANG_WARN_OBJC_ROOT_CLASS = YES_ERROR;
				CLANG_WARN_QUOTED_INCLUDE_IN_FRAMEWORK_HEADER = YES;
				CLANG_WARN_RANGE_LOOP_ANALYSIS = YES;
				CLANG_WARN_STRICT_PROTOTYPES = YES;
				CLANG_WARN_SUSPICIOUS_MOVE = YES;
				CLANG_WARN_UNGUARDED_AVAILABILITY = YES_AGGRESSIVE;
				CLANG_WARN_UNREACHABLE_CODE = YES;
				CLANG_WARN__DUPLICATE_METHOD_MATCH = YES;
				COPY_PHASE_STRIP = NO;
				DEBUG_INFORMATION_FORMAT = dwarf;
				ENABLE_STRICT_OBJC_MSGSEND = YES;
				ENABLE_TESTABILITY = YES;
				GCC_C_LANGUAGE_STANDARD = gnu11;
				GCC_DYNAMIC_NO_PIC = NO;
				GCC_NO_COMMON_BLOCKS = YES;
				GCC_OPTIMIZATION_LEVEL = 0;
				GCC_PREPROCESSOR_DEFINITIONS = (
					"DEBUG=1",
					"$(inherited)",
				);
				GCC_WARN_64_TO_32_BIT_CONVERSION = YES;
				GCC_WARN_ABOUT_RETURN_TYPE = YES_ERROR;
				GCC_WARN_UNDECLARED_SELECTOR = YES;
				GCC_WARN_UNINITIALIZED_AUTOS = YES_AGGRESSIVE;
				GCC_WARN_UNUSED_FUNCTION = YES;
				GCC_WARN_UNUSED_VARIABLE = YES;
				IPHONEOS_DEPLOYMENT_TARGET = 14.4;
				MTL_ENABLE_DEBUG_INFO = INCLUDE_SOURCE;
				MTL_FAST_MATH = YES;
				ONLY_ACTIVE_ARCH = YES;
				SDKROOT = iphoneos;
				SWIFT_ACTIVE_COMPILATION_CONDITIONS = DEBUG;
				SWIFT_OPTIMIZATION_LEVEL = "-Onone";
			};
			name = Debug;
		};
		6F69955325D6BA8C0021838F /* Release */ = {
			isa = XCBuildConfiguration;
			buildSettings = {
				ALWAYS_SEARCH_USER_PATHS = NO;
				CLANG_ANALYZER_NONNULL = YES;
				CLANG_ANALYZER_NUMBER_OBJECT_CONVERSION = YES_AGGRESSIVE;
				CLANG_CXX_LANGUAGE_STANDARD = "gnu++14";
				CLANG_CXX_LIBRARY = "libc++";
				CLANG_ENABLE_MODULES = YES;
				CLANG_ENABLE_OBJC_ARC = YES;
				CLANG_ENABLE_OBJC_WEAK = YES;
				CLANG_WARN_BLOCK_CAPTURE_AUTORELEASING = YES;
				CLANG_WARN_BOOL_CONVERSION = YES;
				CLANG_WARN_COMMA = YES;
				CLANG_WARN_CONSTANT_CONVERSION = YES;
				CLANG_WARN_DEPRECATED_OBJC_IMPLEMENTATIONS = YES;
				CLANG_WARN_DIRECT_OBJC_ISA_USAGE = YES_ERROR;
				CLANG_WARN_DOCUMENTATION_COMMENTS = YES;
				CLANG_WARN_EMPTY_BODY = YES;
				CLANG_WARN_ENUM_CONVERSION = YES;
				CLANG_WARN_INFINITE_RECURSION = YES;
				CLANG_WARN_INT_CONVERSION = YES;
				CLANG_WARN_NON_LITERAL_NULL_CONVERSION = YES;
				CLANG_WARN_OBJC_IMPLICIT_RETAIN_SELF = YES;
				CLANG_WARN_OBJC_LITERAL_CONVERSION = YES;
				CLANG_WARN_OBJC_ROOT_CLASS = YES_ERROR;
				CLANG_WARN_QUOTED_INCLUDE_IN_FRAMEWORK_HEADER = YES;
				CLANG_WARN_RANGE_LOOP_ANALYSIS = YES;
				CLANG_WARN_STRICT_PROTOTYPES = YES;
				CLANG_WARN_SUSPICIOUS_MOVE = YES;
				CLANG_WARN_UNGUARDED_AVAILABILITY = YES_AGGRESSIVE;
				CLANG_WARN_UNREACHABLE_CODE = YES;
				CLANG_WARN__DUPLICATE_METHOD_MATCH = YES;
				COPY_PHASE_STRIP = NO;
				DEBUG_INFORMATION_FORMAT = "dwarf-with-dsym";
				ENABLE_NS_ASSERTIONS = NO;
				ENABLE_STRICT_OBJC_MSGSEND = YES;
				GCC_C_LANGUAGE_STANDARD = gnu11;
				GCC_NO_COMMON_BLOCKS = YES;
				GCC_WARN_64_TO_32_BIT_CONVERSION = YES;
				GCC_WARN_ABOUT_RETURN_TYPE = YES_ERROR;
				GCC_WARN_UNDECLARED_SELECTOR = YES;
				GCC_WARN_UNINITIALIZED_AUTOS = YES_AGGRESSIVE;
				GCC_WARN_UNUSED_FUNCTION = YES;
				GCC_WARN_UNUSED_VARIABLE = YES;
				IPHONEOS_DEPLOYMENT_TARGET = 14.4;
				MTL_ENABLE_DEBUG_INFO = NO;
				MTL_FAST_MATH = YES;
				SDKROOT = iphoneos;
				SWIFT_COMPILATION_MODE = wholemodule;
				SWIFT_OPTIMIZATION_LEVEL = "-O";
				VALIDATE_PRODUCT = YES;
			};
			name = Release;
		};
		6F69955525D6BA8C0021838F /* Debug */ = {
			isa = XCBuildConfiguration;
			buildSettings = {
				ASSETCATALOG_COMPILER_APPICON_NAME = AppIcon;
				ASSETCATALOG_COMPILER_GLOBAL_ACCENT_COLOR_NAME = AccentColor;
				CODE_SIGN_STYLE = Automatic;
				DEVELOPMENT_ASSET_PATHS = "\"swifty-protein/Preview Content\"";
				DEVELOPMENT_TEAM = 49726853XT;
				ENABLE_PREVIEWS = YES;
				INFOPLIST_FILE = "swifty-protein/Info.plist";
				IPHONEOS_DEPLOYMENT_TARGET = 14.0;
				LD_RUNPATH_SEARCH_PATHS = (
					"$(inherited)",
					"@executable_path/Frameworks",
				);
				PRODUCT_BUNDLE_IDENTIFIER = "com.colinschmitt.swifty-protein";
				PRODUCT_NAME = "$(TARGET_NAME)";
				SWIFT_VERSION = 5.0;
				TARGETED_DEVICE_FAMILY = "1,2";
			};
			name = Debug;
		};
		6F69955625D6BA8C0021838F /* Release */ = {
			isa = XCBuildConfiguration;
			buildSettings = {
				ASSETCATALOG_COMPILER_APPICON_NAME = AppIcon;
				ASSETCATALOG_COMPILER_GLOBAL_ACCENT_COLOR_NAME = AccentColor;
				CODE_SIGN_STYLE = Automatic;
				DEVELOPMENT_ASSET_PATHS = "\"swifty-protein/Preview Content\"";
				DEVELOPMENT_TEAM = 49726853XT;
				ENABLE_PREVIEWS = YES;
				INFOPLIST_FILE = "swifty-protein/Info.plist";
				IPHONEOS_DEPLOYMENT_TARGET = 14.0;
				LD_RUNPATH_SEARCH_PATHS = (
					"$(inherited)",
					"@executable_path/Frameworks",
				);
				PRODUCT_BUNDLE_IDENTIFIER = "com.colinschmitt.swifty-protein";
				PRODUCT_NAME = "$(TARGET_NAME)";
				SWIFT_VERSION = 5.0;
				TARGETED_DEVICE_FAMILY = "1,2";
			};
			name = Release;
		};
/* End XCBuildConfiguration section */

/* Begin XCConfigurationList section */
		6F69954025D6BA8A0021838F /* Build configuration list for PBXProject "swifty-protein" */ = {
			isa = XCConfigurationList;
			buildConfigurations = (
				6F69955225D6BA8C0021838F /* Debug */,
				6F69955325D6BA8C0021838F /* Release */,
			);
			defaultConfigurationIsVisible = 0;
			defaultConfigurationName = Release;
		};
		6F69955425D6BA8C0021838F /* Build configuration list for PBXNativeTarget "swifty-protein" */ = {
			isa = XCConfigurationList;
			buildConfigurations = (
				6F69955525D6BA8C0021838F /* Debug */,
				6F69955625D6BA8C0021838F /* Release */,
			);
			defaultConfigurationIsVisible = 0;
			defaultConfigurationName = Release;
		};
/* End XCConfigurationList section */
	};
	rootObject = 6F69953D25D6BA8A0021838F /* Project object */;
}
